// !$*UTF8*$!
{
	archiveVersion = 1;
	classes = {
	};
	objectVersion = 50;
	objects = {

/* Begin PBXBuildFile section */
		EF7C1CCE22F2721300161F14 /* AppDelegate.swift in Sources */ = {isa = PBXBuildFile; fileRef = EF7C1CCD22F2721300161F14 /* AppDelegate.swift */; };
		EF7C1CD322F2721300161F14 /* Main.storyboard in Resources */ = {isa = PBXBuildFile; fileRef = EF7C1CD122F2721300161F14 /* Main.storyboard */; };
		EF7C1CD522F2721300161F14 /* Assets.xcassets in Resources */ = {isa = PBXBuildFile; fileRef = EF7C1CD422F2721300161F14 /* Assets.xcassets */; };
		EF7C1CD822F2721300161F14 /* LaunchScreen.storyboard in Resources */ = {isa = PBXBuildFile; fileRef = EF7C1CD622F2721300161F14 /* LaunchScreen.storyboard */; };
		EF7C1CE722F2736F00161F14 /* CloudKit.framework in Frameworks */ = {isa = PBXBuildFile; fileRef = EF7C1CE622F2736F00161F14 /* CloudKit.framework */; };
		EF7C1CE922F273C700161F14 /* Journal.swift in Sources */ = {isa = PBXBuildFile; fileRef = EF7C1CE822F273C700161F14 /* Journal.swift */; };
		EF7C1CEC22F2741900161F14 /* CloudKitManager.swift in Sources */ = {isa = PBXBuildFile; fileRef = EF7C1CEB22F2741900161F14 /* CloudKitManager.swift */; };
		EF7C1CEE22F2746B00161F14 /* CloudKitSyncable.swift in Sources */ = {isa = PBXBuildFile; fileRef = EF7C1CED22F2746B00161F14 /* CloudKitSyncable.swift */; };
		EF7C1CF022F275F400161F14 /* JournalController.swift in Sources */ = {isa = PBXBuildFile; fileRef = EF7C1CEF22F275F400161F14 /* JournalController.swift */; };
		EF7C1CF222F28C1F00161F14 /* JournalDetailViewController.swift in Sources */ = {isa = PBXBuildFile; fileRef = EF7C1CF122F28C1F00161F14 /* JournalDetailViewController.swift */; };
		EF7C1CF922F2B33B00161F14 /* JournalLayout.swift in Sources */ = {isa = PBXBuildFile; fileRef = EF7C1CF822F2B33B00161F14 /* JournalLayout.swift */; };
		EF7C1CFC22F2BFBD00161F14 /* JournalEditingViewController.swift in Sources */ = {isa = PBXBuildFile; fileRef = EF7C1CFB22F2BFBD00161F14 /* JournalEditingViewController.swift */; };
		EF7C1CFE22F35AAE00161F14 /* JournalTableViewController.swift in Sources */ = {isa = PBXBuildFile; fileRef = EF7C1CFD22F35AAE00161F14 /* JournalTableViewController.swift */; };
		EF7C1D0022F35BB900161F14 /* JournalTableViewCell.swift in Sources */ = {isa = PBXBuildFile; fileRef = EF7C1CFF22F35BB900161F14 /* JournalTableViewCell.swift */; };
/* End PBXBuildFile section */

/* Begin PBXFileReference section */
		EF7C1CCA22F2721300161F14 /* Journal.app */ = {isa = PBXFileReference; explicitFileType = wrapper.application; includeInIndex = 0; path = Journal.app; sourceTree = BUILT_PRODUCTS_DIR; };
		EF7C1CCD22F2721300161F14 /* AppDelegate.swift */ = {isa = PBXFileReference; lastKnownFileType = sourcecode.swift; path = AppDelegate.swift; sourceTree = "<group>"; };
		EF7C1CD222F2721300161F14 /* Base */ = {isa = PBXFileReference; lastKnownFileType = file.storyboard; name = Base; path = Base.lproj/Main.storyboard; sourceTree = "<group>"; };
		EF7C1CD422F2721300161F14 /* Assets.xcassets */ = {isa = PBXFileReference; lastKnownFileType = folder.assetcatalog; path = Assets.xcassets; sourceTree = "<group>"; };
		EF7C1CD722F2721300161F14 /* Base */ = {isa = PBXFileReference; lastKnownFileType = file.storyboard; name = Base; path = Base.lproj/LaunchScreen.storyboard; sourceTree = "<group>"; };
		EF7C1CD922F2721300161F14 /* Info.plist */ = {isa = PBXFileReference; lastKnownFileType = text.plist.xml; path = Info.plist; sourceTree = "<group>"; };
		EF7C1CE422F2736B00161F14 /* Journal.entitlements */ = {isa = PBXFileReference; lastKnownFileType = text.plist.entitlements; path = Journal.entitlements; sourceTree = "<group>"; };
		EF7C1CE622F2736F00161F14 /* CloudKit.framework */ = {isa = PBXFileReference; lastKnownFileType = wrapper.framework; name = CloudKit.framework; path = System/Library/Frameworks/CloudKit.framework; sourceTree = SDKROOT; };
		EF7C1CE822F273C700161F14 /* Journal.swift */ = {isa = PBXFileReference; lastKnownFileType = sourcecode.swift; path = Journal.swift; sourceTree = "<group>"; };
		EF7C1CEB22F2741900161F14 /* CloudKitManager.swift */ = {isa = PBXFileReference; lastKnownFileType = sourcecode.swift; path = CloudKitManager.swift; sourceTree = "<group>"; };
		EF7C1CED22F2746B00161F14 /* CloudKitSyncable.swift */ = {isa = PBXFileReference; lastKnownFileType = sourcecode.swift; path = CloudKitSyncable.swift; sourceTree = "<group>"; };
		EF7C1CEF22F275F400161F14 /* JournalController.swift */ = {isa = PBXFileReference; lastKnownFileType = sourcecode.swift; path = JournalController.swift; sourceTree = "<group>"; };
		EF7C1CF122F28C1F00161F14 /* JournalDetailViewController.swift */ = {isa = PBXFileReference; lastKnownFileType = sourcecode.swift; path = JournalDetailViewController.swift; sourceTree = "<group>"; };
		EF7C1CF822F2B33B00161F14 /* JournalLayout.swift */ = {isa = PBXFileReference; lastKnownFileType = sourcecode.swift; path = JournalLayout.swift; sourceTree = "<group>"; };
		EF7C1CFB22F2BFBD00161F14 /* JournalEditingViewController.swift */ = {isa = PBXFileReference; lastKnownFileType = sourcecode.swift; path = JournalEditingViewController.swift; sourceTree = "<group>"; };
		EF7C1CFD22F35AAE00161F14 /* JournalTableViewController.swift */ = {isa = PBXFileReference; lastKnownFileType = sourcecode.swift; path = JournalTableViewController.swift; sourceTree = "<group>"; };
		EF7C1CFF22F35BB900161F14 /* JournalTableViewCell.swift */ = {isa = PBXFileReference; lastKnownFileType = sourcecode.swift; path = JournalTableViewCell.swift; sourceTree = "<group>"; };
/* End PBXFileReference section */

/* Begin PBXFrameworksBuildPhase section */
		EF7C1CC722F2721300161F14 /* Frameworks */ = {
			isa = PBXFrameworksBuildPhase;
			buildActionMask = 2147483647;
			files = (
				EF7C1CE722F2736F00161F14 /* CloudKit.framework in Frameworks */,
			);
			runOnlyForDeploymentPostprocessing = 0;
		};
/* End PBXFrameworksBuildPhase section */

/* Begin PBXGroup section */
		EF7C1CC122F2721300161F14 = {
			isa = PBXGroup;
			children = (
				EF7C1CCC22F2721300161F14 /* Journal */,
				EF7C1CE022F2723800161F14 /* Rresources */,
				EF7C1CCB22F2721300161F14 /* Products */,
				EF7C1CE522F2736F00161F14 /* Frameworks */,
			);
			sourceTree = "<group>";
		};
		EF7C1CCB22F2721300161F14 /* Products */ = {
			isa = PBXGroup;
			children = (
				EF7C1CCA22F2721300161F14 /* Journal.app */,
			);
			name = Products;
			sourceTree = "<group>";
		};
		EF7C1CCC22F2721300161F14 /* Journal */ = {
			isa = PBXGroup;
			children = (
				EF7C1CE422F2736B00161F14 /* Journal.entitlements */,
				EF7C1CE322F2725D00161F14 /* Model */,
				EF7C1CE222F2725400161F14 /* Model Controllers */,
				EF7C1CE122F2724A00161F14 /* ViewControllers */,
				EF7C1CF522F2B18400161F14 /* View */,
				EF7C1CFA22F2B34900161F14 /* Layouts */,
				EF7C1CEA22F273FD00161F14 /* CloudKit Manager */,
				EF7C1CDF22F2722900161F14 /* Storyboard */,
			);
			path = Journal;
			sourceTree = "<group>";
		};
		EF7C1CDF22F2722900161F14 /* Storyboard */ = {
			isa = PBXGroup;
			children = (
				EF7C1CD122F2721300161F14 /* Main.storyboard */,
				EF7C1CD622F2721300161F14 /* LaunchScreen.storyboard */,
			);
			path = Storyboard;
			sourceTree = "<group>";
		};
		EF7C1CE022F2723800161F14 /* Rresources */ = {
			isa = PBXGroup;
			children = (
				EF7C1CCD22F2721300161F14 /* AppDelegate.swift */,
				EF7C1CD422F2721300161F14 /* Assets.xcassets */,
				EF7C1CD922F2721300161F14 /* Info.plist */,
			);
			path = Rresources;
			sourceTree = "<group>";
		};
		EF7C1CE122F2724A00161F14 /* ViewControllers */ = {
			isa = PBXGroup;
			children = (
				EF7C1CFD22F35AAE00161F14 /* JournalTableViewController.swift */,
				EF7C1CF122F28C1F00161F14 /* JournalDetailViewController.swift */,
				EF7C1CFB22F2BFBD00161F14 /* JournalEditingViewController.swift */,
			);
			path = ViewControllers;
			sourceTree = "<group>";
		};
		EF7C1CE222F2725400161F14 /* Model Controllers */ = {
			isa = PBXGroup;
			children = (
				EF7C1CEF22F275F400161F14 /* JournalController.swift */,
			);
			path = "Model Controllers";
			sourceTree = "<group>";
		};
		EF7C1CE322F2725D00161F14 /* Model */ = {
			isa = PBXGroup;
			children = (
				EF7C1CE822F273C700161F14 /* Journal.swift */,
			);
			path = Model;
			sourceTree = "<group>";
		};
		EF7C1CE522F2736F00161F14 /* Frameworks */ = {
			isa = PBXGroup;
			children = (
				EF7C1CE622F2736F00161F14 /* CloudKit.framework */,
			);
			name = Frameworks;
			sourceTree = "<group>";
		};
		EF7C1CEA22F273FD00161F14 /* CloudKit Manager */ = {
			isa = PBXGroup;
			children = (
				EF7C1CEB22F2741900161F14 /* CloudKitManager.swift */,
				EF7C1CED22F2746B00161F14 /* CloudKitSyncable.swift */,
			);
			path = "CloudKit Manager";
			sourceTree = "<group>";
		};
		EF7C1CF522F2B18400161F14 /* View */ = {
			isa = PBXGroup;
			children = (
				EF7C1CFF22F35BB900161F14 /* JournalTableViewCell.swift */,
			);
			path = View;
			sourceTree = "<group>";
		};
		EF7C1CFA22F2B34900161F14 /* Layouts */ = {
			isa = PBXGroup;
			children = (
				EF7C1CF822F2B33B00161F14 /* JournalLayout.swift */,
			);
			path = Layouts;
			sourceTree = "<group>";
		};
/* End PBXGroup section */

/* Begin PBXNativeTarget section */
		EF7C1CC922F2721300161F14 /* Journal */ = {
			isa = PBXNativeTarget;
			buildConfigurationList = EF7C1CDC22F2721300161F14 /* Build configuration list for PBXNativeTarget "Journal" */;
			buildPhases = (
				EF7C1CC622F2721300161F14 /* Sources */,
				EF7C1CC722F2721300161F14 /* Frameworks */,
				EF7C1CC822F2721300161F14 /* Resources */,
			);
			buildRules = (
			);
			dependencies = (
			);
			name = Journal;
			productName = Journal;
			productReference = EF7C1CCA22F2721300161F14 /* Journal.app */;
			productType = "com.apple.product-type.application";
		};
/* End PBXNativeTarget section */

/* Begin PBXProject section */
		EF7C1CC222F2721300161F14 /* Project object */ = {
			isa = PBXProject;
			attributes = {
				LastSwiftUpdateCheck = 1030;
				LastUpgradeCheck = 1030;
				ORGANIZATIONNAME = "Hayden Hastings";
				TargetAttributes = {
					EF7C1CC922F2721300161F14 = {
						CreatedOnToolsVersion = 10.3;
						SystemCapabilities = {
							com.apple.Push = {
								enabled = 1;
							};
							com.apple.iCloud = {
								enabled = 1;
							};
						};
					};
				};
			};
			buildConfigurationList = EF7C1CC522F2721300161F14 /* Build configuration list for PBXProject "Journal" */;
			compatibilityVersion = "Xcode 9.3";
			developmentRegion = en;
			hasScannedForEncodings = 0;
			knownRegions = (
				en,
				Base,
			);
			mainGroup = EF7C1CC122F2721300161F14;
			productRefGroup = EF7C1CCB22F2721300161F14 /* Products */;
			projectDirPath = "";
			projectRoot = "";
			targets = (
				EF7C1CC922F2721300161F14 /* Journal */,
			);
		};
/* End PBXProject section */

/* Begin PBXResourcesBuildPhase section */
		EF7C1CC822F2721300161F14 /* Resources */ = {
			isa = PBXResourcesBuildPhase;
			buildActionMask = 2147483647;
			files = (
				EF7C1CD822F2721300161F14 /* LaunchScreen.storyboard in Resources */,
				EF7C1CD522F2721300161F14 /* Assets.xcassets in Resources */,
				EF7C1CD322F2721300161F14 /* Main.storyboard in Resources */,
			);
			runOnlyForDeploymentPostprocessing = 0;
		};
/* End PBXResourcesBuildPhase section */

/* Begin PBXSourcesBuildPhase section */
		EF7C1CC622F2721300161F14 /* Sources */ = {
			isa = PBXSourcesBuildPhase;
			buildActionMask = 2147483647;
			files = (
				EF7C1CCE22F2721300161F14 /* AppDelegate.swift in Sources */,
				EF7C1CFC22F2BFBD00161F14 /* JournalEditingViewController.swift in Sources */,
				EF7C1CFE22F35AAE00161F14 /* JournalTableViewController.swift in Sources */,
				EF7C1CF222F28C1F00161F14 /* JournalDetailViewController.swift in Sources */,
				EF7C1CEE22F2746B00161F14 /* CloudKitSyncable.swift in Sources */,
				EF7C1CF922F2B33B00161F14 /* JournalLayout.swift in Sources */,
				EF7C1CE922F273C700161F14 /* Journal.swift in Sources */,
				EF7C1D0022F35BB900161F14 /* JournalTableViewCell.swift in Sources */,
				EF7C1CF022F275F400161F14 /* JournalController.swift in Sources */,
				EF7C1CEC22F2741900161F14 /* CloudKitManager.swift in Sources */,
			);
			runOnlyForDeploymentPostprocessing = 0;
		};
/* End PBXSourcesBuildPhase section */

/* Begin PBXVariantGroup section */
		EF7C1CD122F2721300161F14 /* Main.storyboard */ = {
			isa = PBXVariantGroup;
			children = (
				EF7C1CD222F2721300161F14 /* Base */,
			);
			name = Main.storyboard;
			sourceTree = "<group>";
		};
		EF7C1CD622F2721300161F14 /* LaunchScreen.storyboard */ = {
			isa = PBXVariantGroup;
			children = (
				EF7C1CD722F2721300161F14 /* Base */,
			);
			name = LaunchScreen.storyboard;
			sourceTree = "<group>";
		};
/* End PBXVariantGroup section */

/* Begin XCBuildConfiguration section */
		EF7C1CDA22F2721300161F14 /* Debug */ = {
			isa = XCBuildConfiguration;
			buildSettings = {
				ALWAYS_SEARCH_USER_PATHS = NO;
				CLANG_ANALYZER_NONNULL = YES;
				CLANG_ANALYZER_NUMBER_OBJECT_CONVERSION = YES_AGGRESSIVE;
				CLANG_CXX_LANGUAGE_STANDARD = "gnu++14";
				CLANG_CXX_LIBRARY = "libc++";
				CLANG_ENABLE_MODULES = YES;
				CLANG_ENABLE_OBJC_ARC = YES;
				CLANG_ENABLE_OBJC_WEAK = YES;
				CLANG_WARN_BLOCK_CAPTURE_AUTORELEASING = YES;
				CLANG_WARN_BOOL_CONVERSION = YES;
				CLANG_WARN_COMMA = YES;
				CLANG_WARN_CONSTANT_CONVERSION = YES;
				CLANG_WARN_DEPRECATED_OBJC_IMPLEMENTATIONS = YES;
				CLANG_WARN_DIRECT_OBJC_ISA_USAGE = YES_ERROR;
				CLANG_WARN_DOCUMENTATION_COMMENTS = YES;
				CLANG_WARN_EMPTY_BODY = YES;
				CLANG_WARN_ENUM_CONVERSION = YES;
				CLANG_WARN_INFINITE_RECURSION = YES;
				CLANG_WARN_INT_CONVERSION = YES;
				CLANG_WARN_NON_LITERAL_NULL_CONVERSION = YES;
				CLANG_WARN_OBJC_IMPLICIT_RETAIN_SELF = YES;
				CLANG_WARN_OBJC_LITERAL_CONVERSION = YES;
				CLANG_WARN_OBJC_ROOT_CLASS = YES_ERROR;
				CLANG_WARN_RANGE_LOOP_ANALYSIS = YES;
				CLANG_WARN_STRICT_PROTOTYPES = YES;
				CLANG_WARN_SUSPICIOUS_MOVE = YES;
				CLANG_WARN_UNGUARDED_AVAILABILITY = YES_AGGRESSIVE;
				CLANG_WARN_UNREACHABLE_CODE = YES;
				CLANG_WARN__DUPLICATE_METHOD_MATCH = YES;
				CODE_SIGN_IDENTITY = "iPhone Developer";
				COPY_PHASE_STRIP = NO;
				DEBUG_INFORMATION_FORMAT = dwarf;
				ENABLE_STRICT_OBJC_MSGSEND = YES;
				ENABLE_TESTABILITY = YES;
				GCC_C_LANGUAGE_STANDARD = gnu11;
				GCC_DYNAMIC_NO_PIC = NO;
				GCC_NO_COMMON_BLOCKS = YES;
				GCC_OPTIMIZATION_LEVEL = 0;
				GCC_PREPROCESSOR_DEFINITIONS = (
					"DEBUG=1",
					"$(inherited)",
				);
				GCC_WARN_64_TO_32_BIT_CONVERSION = YES;
				GCC_WARN_ABOUT_RETURN_TYPE = YES_ERROR;
				GCC_WARN_UNDECLARED_SELECTOR = YES;
				GCC_WARN_UNINITIALIZED_AUTOS = YES_AGGRESSIVE;
				GCC_WARN_UNUSED_FUNCTION = YES;
				GCC_WARN_UNUSED_VARIABLE = YES;
				IPHONEOS_DEPLOYMENT_TARGET = 12.4;
				MTL_ENABLE_DEBUG_INFO = INCLUDE_SOURCE;
				MTL_FAST_MATH = YES;
				ONLY_ACTIVE_ARCH = YES;
				SDKROOT = iphoneos;
				SWIFT_ACTIVE_COMPILATION_CONDITIONS = DEBUG;
				SWIFT_OPTIMIZATION_LEVEL = "-Onone";
			};
			name = Debug;
		};
		EF7C1CDB22F2721300161F14 /* Release */ = {
			isa = XCBuildConfiguration;
			buildSettings = {
				ALWAYS_SEARCH_USER_PATHS = NO;
				CLANG_ANALYZER_NONNULL = YES;
				CLANG_ANALYZER_NUMBER_OBJECT_CONVERSION = YES_AGGRESSIVE;
				CLANG_CXX_LANGUAGE_STANDARD = "gnu++14";
				CLANG_CXX_LIBRARY = "libc++";
				CLANG_ENABLE_MODULES = YES;
				CLANG_ENABLE_OBJC_ARC = YES;
				CLANG_ENABLE_OBJC_WEAK = YES;
				CLANG_WARN_BLOCK_CAPTURE_AUTORELEASING = YES;
				CLANG_WARN_BOOL_CONVERSION = YES;
				CLANG_WARN_COMMA = YES;
				CLANG_WARN_CONSTANT_CONVERSION = YES;
				CLANG_WARN_DEPRECATED_OBJC_IMPLEMENTATIONS = YES;
				CLANG_WARN_DIRECT_OBJC_ISA_USAGE = YES_ERROR;
				CLANG_WARN_DOCUMENTATION_COMMENTS = YES;
				CLANG_WARN_EMPTY_BODY = YES;
				CLANG_WARN_ENUM_CONVERSION = YES;
				CLANG_WARN_INFINITE_RECURSION = YES;
				CLANG_WARN_INT_CONVERSION = YES;
				CLANG_WARN_NON_LITERAL_NULL_CONVERSION = YES;
				CLANG_WARN_OBJC_IMPLICIT_RETAIN_SELF = YES;
				CLANG_WARN_OBJC_LITERAL_CONVERSION = YES;
				CLANG_WARN_OBJC_ROOT_CLASS = YES_ERROR;
				CLANG_WARN_RANGE_LOOP_ANALYSIS = YES;
				CLANG_WARN_STRICT_PROTOTYPES = YES;
				CLANG_WARN_SUSPICIOUS_MOVE = YES;
				CLANG_WARN_UNGUARDED_AVAILABILITY = YES_AGGRESSIVE;
				CLANG_WARN_UNREACHABLE_CODE = YES;
				CLANG_WARN__DUPLICATE_METHOD_MATCH = YES;
				CODE_SIGN_IDENTITY = "iPhone Developer";
				COPY_PHASE_STRIP = NO;
				DEBUG_INFORMATION_FORMAT = "dwarf-with-dsym";
				ENABLE_NS_ASSERTIONS = NO;
				ENABLE_STRICT_OBJC_MSGSEND = YES;
				GCC_C_LANGUAGE_STANDARD = gnu11;
				GCC_NO_COMMON_BLOCKS = YES;
				GCC_WARN_64_TO_32_BIT_CONVERSION = YES;
				GCC_WARN_ABOUT_RETURN_TYPE = YES_ERROR;
				GCC_WARN_UNDECLARED_SELECTOR = YES;
				GCC_WARN_UNINITIALIZED_AUTOS = YES_AGGRESSIVE;
				GCC_WARN_UNUSED_FUNCTION = YES;
				GCC_WARN_UNUSED_VARIABLE = YES;
				IPHONEOS_DEPLOYMENT_TARGET = 12.4;
				MTL_ENABLE_DEBUG_INFO = NO;
				MTL_FAST_MATH = YES;
				SDKROOT = iphoneos;
				SWIFT_COMPILATION_MODE = wholemodule;
				SWIFT_OPTIMIZATION_LEVEL = "-O";
				VALIDATE_PRODUCT = YES;
			};
			name = Release;
		};
		EF7C1CDD22F2721300161F14 /* Debug */ = {
			isa = XCBuildConfiguration;
			buildSettings = {
				ASSETCATALOG_COMPILER_APPICON_NAME = AppIcon;
				CODE_SIGN_ENTITLEMENTS = Journal/Journal.entitlements;
				CODE_SIGN_STYLE = Automatic;
				DEVELOPMENT_TEAM = 7V775U4648;
				INFOPLIST_FILE = "$(SRCROOT)/Rresources/Info.plist";
				LD_RUNPATH_SEARCH_PATHS = (
					"$(inherited)",
					"@executable_path/Frameworks",
				);
				PRODUCT_BUNDLE_IDENTIFIER = com.haydenhastings.Journal;
				PRODUCT_NAME = "$(TARGET_NAME)";
				SWIFT_VERSION = 5.0;
				TARGETED_DEVICE_FAMILY = "1,2";
			};
			name = Debug;
		};
		EF7C1CDE22F2721300161F14 /* Release */ = {
			isa = XCBuildConfiguration;
			buildSettings = {
				ASSETCATALOG_COMPILER_APPICON_NAME = AppIcon;
				CODE_SIGN_ENTITLEMENTS = Journal/Journal.entitlements;
				CODE_SIGN_STYLE = Automatic;
				DEVELOPMENT_TEAM = 7V775U4648;
				INFOPLIST_FILE = "$(SRCROOT)/Rresources/Info.plist";
				LD_RUNPATH_SEARCH_PATHS = (
					"$(inherited)",
					"@executable_path/Frameworks",
				);
				PRODUCT_BUNDLE_IDENTIFIER = com.haydenhastings.Journal;
				PRODUCT_NAME = "$(TARGET_NAME)";
				SWIFT_VERSION = 5.0;
				TARGETED_DEVICE_FAMILY = "1,2";
			};
			name = Release;
		};
/* End XCBuildConfiguration section */

/* Begin XCConfigurationList section */
		EF7C1CC522F2721300161F14 /* Build configuration list for PBXProject "Journal" */ = {
			isa = XCConfigurationList;
			buildConfigurations = (
				EF7C1CDA22F2721300161F14 /* Debug */,
				EF7C1CDB22F2721300161F14 /* Release */,
			);
			defaultConfigurationIsVisible = 0;
			defaultConfigurationName = Release;
		};
		EF7C1CDC22F2721300161F14 /* Build configuration list for PBXNativeTarget "Journal" */ = {
			isa = XCConfigurationList;
			buildConfigurations = (
				EF7C1CDD22F2721300161F14 /* Debug */,
				EF7C1CDE22F2721300161F14 /* Release */,
			);
			defaultConfigurationIsVisible = 0;
			defaultConfigurationName = Release;
		};
/* End XCConfigurationList section */
	};
	rootObject = EF7C1CC222F2721300161F14 /* Project object */;
}
